
Microsoft Visual Studio Solution File, Format Version 12.00
# Visual Studio 14
VisualStudioVersion = 14.0.24720.0
MinimumVisualStudioVersion = 10.0.40219.1
Project("{9092AA53-FB77-4645-B42D-1CCCA6BD08BD}") = "01UncleScrugeBag", "01UncleScrugeBag\01UncleScrugeBag.njsproj", "{6518B91C-35A4-404B-81BC-2B3AC11277AE}"
EndProject
Project("{9092AA53-FB77-4645-B42D-1CCCA6BD08BD}") = "02FleeRacing", "02FleeRacing\02FleeRacing.njsproj", "{DE50017A-D9D7-4E73-BC71-EF650FE992EF}"
EndProject
Project("{9092AA53-FB77-4645-B42D-1CCCA6BD08BD}") = "03GoshkoTheRabbit", "03GoshkoTheRabbit\03GoshkoTheRabbit.njsproj", "{B8A988BB-C583-4984-9302-74813A73B6A6}"
EndProject
Project("{9092AA53-FB77-4645-B42D-1CCCA6BD08BD}") = "04RollandGarros", "04RollandGarros\04RollandGarros.njsproj", "{E0C0E72F-A2CC-487A-8D98-9B6A0F5F535C}"
EndProject
Project("{2150E333-8FDC-42A3-9474-1A3956D46DE8}") = "5.04.2015", "5.04.2015", "{D8A198D8-F0D9-4B08-9091-32DA377A1972}"
EndProject
Project("{2150E333-8FDC-42A3-9474-1A3956D46DE8}") = "22.11.2014", "22.11.2014", "{8D549242-1D6C-4C15-9160-EAE1A41E0386}"
EndProject
Project("{9092AA53-FB77-4645-B42D-1CCCA6BD08BD}") = "01DaggersAndSwords", "01DaggersAndSwords\01DaggersAndSwords.njsproj", "{CA362E3A-DB39-4BB7-B399-93546275A415}"
EndProject
Project("{9092AA53-FB77-4645-B42D-1CCCA6BD08BD}") = "02XRemoval", "02XRemoval\02XRemoval.njsproj", "{3FEAEB92-A879-4856-BE53-A089AF3BA8E9}"
EndProject
Project("{9092AA53-FB77-4645-B42D-1CCCA6BD08BD}") = "03QueryMess", "03QueryMess\03QueryMess.njsproj", "{8CF2A006-2176-42EF-AF96-0DA86445EE43}"
EndProject
Project("{9092AA53-FB77-4645-B42D-1CCCA6BD08BD}") = "04VladkoNotebook", "04VladkoNotebook\04VladkoNotebook.njsproj", "{B41BCBC3-F93C-42E3-A8ED-178B3547FEF4}"
EndProject
Project("{2150E333-8FDC-42A3-9474-1A3956D46DE8}") = "13.05.2015", "13.05.2015", "{3697248E-1779-4C5B-8E96-D159FD6D6F30}"
EndProject
Project("{9092AA53-FB77-4645-B42D-1CCCA6BD08BD}") = "01KitodarMiner", "01KitodarMiner\01KitodarMiner.njsproj", "{8E20C466-9B3A-427A-8867-D8E54FB73C2E}"
EndProject
Global
	GlobalSection(SolutionConfigurationPlatforms) = preSolution
		Debug|Any CPU = Debug|Any CPU
		Release|Any CPU = Release|Any CPU
	EndGlobalSection
	GlobalSection(ProjectConfigurationPlatforms) = postSolution
		{6518B91C-35A4-404B-81BC-2B3AC11277AE}.Debug|Any CPU.ActiveCfg = Debug|Any CPU
		{6518B91C-35A4-404B-81BC-2B3AC11277AE}.Debug|Any CPU.Build.0 = Debug|Any CPU
		{6518B91C-35A4-404B-81BC-2B3AC11277AE}.Release|Any CPU.ActiveCfg = Release|Any CPU
		{6518B91C-35A4-404B-81BC-2B3AC11277AE}.Release|Any CPU.Build.0 = Release|Any CPU
		{DE50017A-D9D7-4E73-BC71-EF650FE992EF}.Debug|Any CPU.ActiveCfg = Debug|Any CPU
		{DE50017A-D9D7-4E73-BC71-EF650FE992EF}.Debug|Any CPU.Build.0 = Debug|Any CPU
		{DE50017A-D9D7-4E73-BC71-EF650FE992EF}.Release|Any CPU.ActiveCfg = Release|Any CPU
		{DE50017A-D9D7-4E73-BC71-EF650FE992EF}.Release|Any CPU.Build.0 = Release|Any CPU
		{B8A988BB-C583-4984-9302-74813A73B6A6}.Debug|Any CPU.ActiveCfg = Debug|Any CPU
		{B8A988BB-C583-4984-9302-74813A73B6A6}.Debug|Any CPU.Build.0 = Debug|Any CPU
		{B8A988BB-C583-4984-9302-74813A73B6A6}.Release|Any CPU.ActiveCfg = Release|Any CPU
		{B8A988BB-C583-4984-9302-74813A73B6A6}.Release|Any CPU.Build.0 = Release|Any CPU
		{E0C0E72F-A2CC-487A-8D98-9B6A0F5F535C}.Debug|Any CPU.ActiveCfg = Debug|Any CPU
		{E0C0E72F-A2CC-487A-8D98-9B6A0F5F535C}.Debug|Any CPU.Build.0 = Debug|Any CPU
		{E0C0E72F-A2CC-487A-8D98-9B6A0F5F535C}.Release|Any CPU.ActiveCfg = Release|Any CPU
		{E0C0E72F-A2CC-487A-8D98-9B6A0F5F535C}.Release|Any CPU.Build.0 = Release|Any CPU
		{CA362E3A-DB39-4BB7-B399-93546275A415}.Debug|Any CPU.ActiveCfg = Debug|Any CPU
		{CA362E3A-DB39-4BB7-B399-93546275A415}.Debug|Any CPU.Build.0 = Debug|Any CPU
		{CA362E3A-DB39-4BB7-B399-93546275A415}.Release|Any CPU.ActiveCfg = Release|Any CPU
		{CA362E3A-DB39-4BB7-B399-93546275A415}.Release|Any CPU.Build.0 = Release|Any CPU
		{3FEAEB92-A879-4856-BE53-A089AF3BA8E9}.Debug|Any CPU.ActiveCfg = Debug|Any CPU
		{3FEAEB92-A879-4856-BE53-A089AF3BA8E9}.Debug|Any CPU.Build.0 = Debug|Any CPU
		{3FEAEB92-A879-4856-BE53-A089AF3BA8E9}.Release|Any CPU.ActiveCfg = Release|Any CPU
		{3FEAEB92-A879-4856-BE53-A089AF3BA8E9}.Release|Any CPU.Build.0 = Release|Any CPU
		{8CF2A006-2176-42EF-AF96-0DA86445EE43}.Debug|Any CPU.ActiveCfg = Debug|Any CPU
		{8CF2A006-2176-42EF-AF96-0DA86445EE43}.Debug|Any CPU.Build.0 = Debug|Any CPU
		{8CF2A006-2176-42EF-AF96-0DA86445EE43}.Release|Any CPU.ActiveCfg = Release|Any CPU
		{8CF2A006-2176-42EF-AF96-0DA86445EE43}.Release|Any CPU.Build.0 = Release|Any CPU
		{B41BCBC3-F93C-42E3-A8ED-178B3547FEF4}.Debug|Any CPU.ActiveCfg = Debug|Any CPU
		{B41BCBC3-F93C-42E3-A8ED-178B3547FEF4}.Debug|Any CPU.Build.0 = Debug|Any CPU
		{B41BCBC3-F93C-42E3-A8ED-178B3547FEF4}.Release|Any CPU.ActiveCfg = Release|Any CPU
		{B41BCBC3-F93C-42E3-A8ED-178B3547FEF4}.Release|Any CPU.Build.0 = Release|Any CPU
		{8E20C466-9B3A-427A-8867-D8E54FB73C2E}.Debug|Any CPU.ActiveCfg = Debug|Any CPU
		{8E20C466-9B3A-427A-8867-D8E54FB73C2E}.Debug|Any CPU.Build.0 = Debug|Any CPU
		{8E20C466-9B3A-427A-8867-D8E54FB73C2E}.Release|Any CPU.ActiveCfg = Release|Any CPU
		{8E20C466-9B3A-427A-8867-D8E54FB73C2E}.Release|Any CPU.Build.0 = Release|Any CPU
	EndGlobalSection
	GlobalSection(SolutionProperties) = preSolution
		HideSolutionNode = FALSE
	EndGlobalSection
	GlobalSection(NestedProjects) = preSolution
		{6518B91C-35A4-404B-81BC-2B3AC11277AE} = {D8A198D8-F0D9-4B08-9091-32DA377A1972}
		{DE50017A-D9D7-4E73-BC71-EF650FE992EF} = {D8A198D8-F0D9-4B08-9091-32DA377A1972}
		{B8A988BB-C583-4984-9302-74813A73B6A6} = {D8A198D8-F0D9-4B08-9091-32DA377A1972}
		{E0C0E72F-A2CC-487A-8D98-9B6A0F5F535C} = {D8A198D8-F0D9-4B08-9091-32DA377A1972}
		{CA362E3A-DB39-4BB7-B399-93546275A415} = {8D549242-1D6C-4C15-9160-EAE1A41E0386}
		{3FEAEB92-A879-4856-BE53-A089AF3BA8E9} = {8D549242-1D6C-4C15-9160-EAE1A41E0386}
		{8CF2A006-2176-42EF-AF96-0DA86445EE43} = {8D549242-1D6C-4C15-9160-EAE1A41E0386}
		{B41BCBC3-F93C-42E3-A8ED-178B3547FEF4} = {8D549242-1D6C-4C15-9160-EAE1A41E0386}
		{8E20C466-9B3A-427A-8867-D8E54FB73C2E} = {3697248E-1779-4C5B-8E96-D159FD6D6F30}
	EndGlobalSection
EndGlobal
